
Microsoft Visual Studio Solution File, Format Version 12.00
# Visual Studio Version 17
VisualStudioVersion = 17.6.33801.468
MinimumVisualStudioVersion = 10.0.40219.1
Project("{FAE04EC0-301F-11D3-BF4B-00C04F79EFBC}") = "BaalHytteBooking", "BaalHytteBooking.csproj", "{CD3EA41A-794B-48FE-9AC4-6392F4BDD1C4}"
EndProject
Global
	GlobalSection(SolutionConfigurationPlatforms) = preSolution
		Debug|Any CPU = Debug|Any CPU
		Release|Any CPU = Release|Any CPU
	EndGlobalSection
	GlobalSection(ProjectConfigurationPlatforms) = postSolution
		{CD3EA41A-794B-48FE-9AC4-6392F4BDD1C4}.Debug|Any CPU.ActiveCfg = Debug|Any CPU
		{CD3EA41A-794B-48FE-9AC4-6392F4BDD1C4}.Debug|Any CPU.Build.0 = Debug|Any CPU
		{CD3EA41A-794B-48FE-9AC4-6392F4BDD1C4}.Release|Any CPU.ActiveCfg = Release|Any CPU
		{CD3EA41A-794B-48FE-9AC4-6392F4BDD1C4}.Release|Any CPU.Build.0 = Release|Any CPU
	EndGlobalSection
	GlobalSection(SolutionProperties) = preSolution
		HideSolutionNode = FALSE
	EndGlobalSection
	GlobalSection(ExtensibilityGlobals) = postSolution
		SolutionGuid = {40D97ADE-720B-4994-82D3-9AC3FD2C952E}
	EndGlobalSection
EndGlobal
